PODS:
  - FLAnimatedImage (1.0.12)
  - SDWebImage (5.4.2):
    - SDWebImage/Core (= 5.4.2)
  - SDWebImage/Core (5.4.2)

DEPENDENCIES:
  - FLAnimatedImage
  - SDWebImage

SPEC REPOS:
  trunk:
    - FLAnimatedImage
    - SDWebImage

SPEC CHECKSUMS:
  FLAnimatedImage: 4a0b56255d9b05f18b6dd7ee06871be5d3b89e31
  SDWebImage: 4ca2dc4eefae4224bea8f504251cda485a363745

PODFILE CHECKSUM: bd9d2742d5b8197853b4fbe6e273232dd9f57ff5

COCOAPODS: 1.8.4
